
Microsoft Visual Studio Solution File, Format Version 11.00
# Visual Studio 2010
Project("{FAE04EC0-301F-11D3-BF4B-00C04F79EFBC}") = "LyricsEngine", "LyricsEngine\LyricsEngine.csproj", "{B0760CE8-086F-4301-9091-C9BE54F261FD}"
EndProject
Project("{FAE04EC0-301F-11D3-BF4B-00C04F79EFBC}") = "MyLyrics", "My Lyrics\MyLyrics.csproj", "{BBB2DAE2-0D83-4B4B-85B6-D1B5A7E10039}"
EndProject
Project("{FAE04EC0-301F-11D3-BF4B-00C04F79EFBC}") = "TranslateProvider", "TranslateProvider\TranslateProvider.csproj", "{1E5F3122-B9C3-4E05-8E42-0EC148A56174}"
EndProject
Project("{FAE04EC0-301F-11D3-BF4B-00C04F79EFBC}") = "MyLyricsTests", "MyLyricsTests\MyLyricsTests.csproj", "{B98BE86D-4901-4E33-B03D-3E93CE3E4CAB}"
EndProject
Global
	GlobalSection(SolutionConfigurationPlatforms) = preSolution
		Debug|Any CPU = Debug|Any CPU
		Debug|x64 = Debug|x64
		Release|Any CPU = Release|Any CPU
		Release|x64 = Release|x64
	EndGlobalSection
	GlobalSection(ProjectConfigurationPlatforms) = postSolution
		{B0760CE8-086F-4301-9091-C9BE54F261FD}.Debug|Any CPU.ActiveCfg = Debug|Any CPU
		{B0760CE8-086F-4301-9091-C9BE54F261FD}.Debug|Any CPU.Build.0 = Debug|Any CPU
		{B0760CE8-086F-4301-9091-C9BE54F261FD}.Debug|x64.ActiveCfg = Debug|x64
		{B0760CE8-086F-4301-9091-C9BE54F261FD}.Debug|x64.Build.0 = Debug|x64
		{B0760CE8-086F-4301-9091-C9BE54F261FD}.Release|Any CPU.ActiveCfg = Release|Any CPU
		{B0760CE8-086F-4301-9091-C9BE54F261FD}.Release|Any CPU.Build.0 = Release|Any CPU
		{B0760CE8-086F-4301-9091-C9BE54F261FD}.Release|x64.ActiveCfg = Release|x64
		{B0760CE8-086F-4301-9091-C9BE54F261FD}.Release|x64.Build.0 = Release|x64
		{BBB2DAE2-0D83-4B4B-85B6-D1B5A7E10039}.Debug|Any CPU.ActiveCfg = Debug|Any CPU
		{BBB2DAE2-0D83-4B4B-85B6-D1B5A7E10039}.Debug|Any CPU.Build.0 = Debug|Any CPU
		{BBB2DAE2-0D83-4B4B-85B6-D1B5A7E10039}.Debug|x64.ActiveCfg = Debug|x64
		{BBB2DAE2-0D83-4B4B-85B6-D1B5A7E10039}.Debug|x64.Build.0 = Debug|x64
		{BBB2DAE2-0D83-4B4B-85B6-D1B5A7E10039}.Release|Any CPU.ActiveCfg = Release|Any CPU
		{BBB2DAE2-0D83-4B4B-85B6-D1B5A7E10039}.Release|Any CPU.Build.0 = Release|Any CPU
		{BBB2DAE2-0D83-4B4B-85B6-D1B5A7E10039}.Release|x64.ActiveCfg = Release|x64
		{BBB2DAE2-0D83-4B4B-85B6-D1B5A7E10039}.Release|x64.Build.0 = Release|x64
		{1E5F3122-B9C3-4E05-8E42-0EC148A56174}.Debug|Any CPU.ActiveCfg = Debug|Any CPU
		{1E5F3122-B9C3-4E05-8E42-0EC148A56174}.Debug|Any CPU.Build.0 = Debug|Any CPU
		{1E5F3122-B9C3-4E05-8E42-0EC148A56174}.Debug|x64.ActiveCfg = Debug|Any CPU
		{1E5F3122-B9C3-4E05-8E42-0EC148A56174}.Release|Any CPU.ActiveCfg = Release|Any CPU
		{1E5F3122-B9C3-4E05-8E42-0EC148A56174}.Release|Any CPU.Build.0 = Release|Any CPU
		{1E5F3122-B9C3-4E05-8E42-0EC148A56174}.Release|x64.ActiveCfg = Release|Any CPU
		{B98BE86D-4901-4E33-B03D-3E93CE3E4CAB}.Debug|Any CPU.ActiveCfg = Debug|Any CPU
		{B98BE86D-4901-4E33-B03D-3E93CE3E4CAB}.Debug|Any CPU.Build.0 = Debug|Any CPU
		{B98BE86D-4901-4E33-B03D-3E93CE3E4CAB}.Debug|x64.ActiveCfg = Debug|Any CPU
		{B98BE86D-4901-4E33-B03D-3E93CE3E4CAB}.Release|Any CPU.ActiveCfg = Release|Any CPU
		{B98BE86D-4901-4E33-B03D-3E93CE3E4CAB}.Release|Any CPU.Build.0 = Release|Any CPU
		{B98BE86D-4901-4E33-B03D-3E93CE3E4CAB}.Release|x64.ActiveCfg = Release|Any CPU
	EndGlobalSection
	GlobalSection(SolutionProperties) = preSolution
		HideSolutionNode = FALSE
	EndGlobalSection
EndGlobal
